
Microsoft Visual Studio Solution File, Format Version 12.00
# Visual Studio 15
VisualStudioVersion = 15.0.26124.0
MinimumVisualStudioVersion = 15.0.26124.0
Project("{FAE04EC0-301F-11D3-BF4B-00C04F79EFBC}") = "ElasticApp", "ElasticApp\ElasticApp.csproj", "{B0839255-0F6A-4508-BBD9-71525476E587}"
EndProject
Project("{FAE04EC0-301F-11D3-BF4B-00C04F79EFBC}") = "ElasticData", "ElasticData\ElasticData.csproj", "{AA90FF0A-958A-43E3-93F1-EA0B5ADAE6F3}"
EndProject
Project("{FAE04EC0-301F-11D3-BF4B-00C04F79EFBC}") = "ElasticTests", "ElasticTests\ElasticTests.csproj", "{7B30F810-4527-4BE1-8559-FFFD1DBE0849}"
EndProject
Global
	GlobalSection(SolutionConfigurationPlatforms) = preSolution
		Debug|Any CPU = Debug|Any CPU
		Debug|x64 = Debug|x64
		Debug|x86 = Debug|x86
		Release|Any CPU = Release|Any CPU
		Release|x64 = Release|x64
		Release|x86 = Release|x86
	EndGlobalSection
	GlobalSection(SolutionProperties) = preSolution
		HideSolutionNode = FALSE
	EndGlobalSection
	GlobalSection(ProjectConfigurationPlatforms) = postSolution
		{B0839255-0F6A-4508-BBD9-71525476E587}.Debug|Any CPU.ActiveCfg = Debug|Any CPU
		{B0839255-0F6A-4508-BBD9-71525476E587}.Debug|Any CPU.Build.0 = Debug|Any CPU
		{B0839255-0F6A-4508-BBD9-71525476E587}.Debug|x64.ActiveCfg = Debug|Any CPU
		{B0839255-0F6A-4508-BBD9-71525476E587}.Debug|x64.Build.0 = Debug|Any CPU
		{B0839255-0F6A-4508-BBD9-71525476E587}.Debug|x86.ActiveCfg = Debug|Any CPU
		{B0839255-0F6A-4508-BBD9-71525476E587}.Debug|x86.Build.0 = Debug|Any CPU
		{B0839255-0F6A-4508-BBD9-71525476E587}.Release|Any CPU.ActiveCfg = Release|Any CPU
		{B0839255-0F6A-4508-BBD9-71525476E587}.Release|Any CPU.Build.0 = Release|Any CPU
		{B0839255-0F6A-4508-BBD9-71525476E587}.Release|x64.ActiveCfg = Release|Any CPU
		{B0839255-0F6A-4508-BBD9-71525476E587}.Release|x64.Build.0 = Release|Any CPU
		{B0839255-0F6A-4508-BBD9-71525476E587}.Release|x86.ActiveCfg = Release|Any CPU
		{B0839255-0F6A-4508-BBD9-71525476E587}.Release|x86.Build.0 = Release|Any CPU
		{AA90FF0A-958A-43E3-93F1-EA0B5ADAE6F3}.Debug|Any CPU.ActiveCfg = Debug|Any CPU
		{AA90FF0A-958A-43E3-93F1-EA0B5ADAE6F3}.Debug|Any CPU.Build.0 = Debug|Any CPU
		{AA90FF0A-958A-43E3-93F1-EA0B5ADAE6F3}.Debug|x64.ActiveCfg = Debug|Any CPU
		{AA90FF0A-958A-43E3-93F1-EA0B5ADAE6F3}.Debug|x64.Build.0 = Debug|Any CPU
		{AA90FF0A-958A-43E3-93F1-EA0B5ADAE6F3}.Debug|x86.ActiveCfg = Debug|Any CPU
		{AA90FF0A-958A-43E3-93F1-EA0B5ADAE6F3}.Debug|x86.Build.0 = Debug|Any CPU
		{AA90FF0A-958A-43E3-93F1-EA0B5ADAE6F3}.Release|Any CPU.ActiveCfg = Release|Any CPU
		{AA90FF0A-958A-43E3-93F1-EA0B5ADAE6F3}.Release|Any CPU.Build.0 = Release|Any CPU
		{AA90FF0A-958A-43E3-93F1-EA0B5ADAE6F3}.Release|x64.ActiveCfg = Release|Any CPU
		{AA90FF0A-958A-43E3-93F1-EA0B5ADAE6F3}.Release|x64.Build.0 = Release|Any CPU
		{AA90FF0A-958A-43E3-93F1-EA0B5ADAE6F3}.Release|x86.ActiveCfg = Release|Any CPU
		{AA90FF0A-958A-43E3-93F1-EA0B5ADAE6F3}.Release|x86.Build.0 = Release|Any CPU
		{7B30F810-4527-4BE1-8559-FFFD1DBE0849}.Debug|Any CPU.ActiveCfg = Debug|Any CPU
		{7B30F810-4527-4BE1-8559-FFFD1DBE0849}.Debug|Any CPU.Build.0 = Debug|Any CPU
		{7B30F810-4527-4BE1-8559-FFFD1DBE0849}.Debug|x64.ActiveCfg = Debug|Any CPU
		{7B30F810-4527-4BE1-8559-FFFD1DBE0849}.Debug|x64.Build.0 = Debug|Any CPU
		{7B30F810-4527-4BE1-8559-FFFD1DBE0849}.Debug|x86.ActiveCfg = Debug|Any CPU
		{7B30F810-4527-4BE1-8559-FFFD1DBE0849}.Debug|x86.Build.0 = Debug|Any CPU
		{7B30F810-4527-4BE1-8559-FFFD1DBE0849}.Release|Any CPU.ActiveCfg = Release|Any CPU
		{7B30F810-4527-4BE1-8559-FFFD1DBE0849}.Release|Any CPU.Build.0 = Release|Any CPU
		{7B30F810-4527-4BE1-8559-FFFD1DBE0849}.Release|x64.ActiveCfg = Release|Any CPU
		{7B30F810-4527-4BE1-8559-FFFD1DBE0849}.Release|x64.Build.0 = Release|Any CPU
		{7B30F810-4527-4BE1-8559-FFFD1DBE0849}.Release|x86.ActiveCfg = Release|Any CPU
		{7B30F810-4527-4BE1-8559-FFFD1DBE0849}.Release|x86.Build.0 = Release|Any CPU
	EndGlobalSection
EndGlobal
